# This file is automatically @generated by Cargo.
# It is not intended for manual editing.
version = 4

[[package]]
name = "session10_modules"
version = "0.1.0"

[[package]]
name = "session11_stack_heap"
version = "0.1.0"

[[package]]
name = "session12_destructors"
version = "0.1.0"

[[package]]
name = "session2_syntax"
version = "0.1.0"

[[package]]
name = "session3_integers_variables"
version = "0.1.0"

[[package]]
name = "session4_branching_loops"
version = "0.1.0"

[[package]]
name = "session5_panics"
version = "0.1.0"

[[package]]
name = "session6_overflow"
version = "0.1.0"

[[package]]
name = "session7_capstone"
version = "0.1.0"

[[package]]
name = "session8_structs_ownership"
version = "0.1.0"

[[package]]
name = "session9_validation"
version = "0.1.0"
